
Microsoft Visual Studio Solution File, Format Version 12.00
# Visual Studio Version 17
VisualStudioVersion = 17.14.36109.1 d17.14
MinimumVisualStudioVersion = 10.0.40219.1
Project("{FAE04EC0-301F-11D3-BF4B-00C04F79EFBC}") = "RealisticPathFinding", "RealisticPathFinding\RealisticPathFinding.csproj", "{5404B04A-A235-456B-A2B3-D76AD48872FE}"
EndProject
Global
	GlobalSection(SolutionConfigurationPlatforms) = preSolution
		Debug|Any CPU = Debug|Any CPU
		Release|Any CPU = Release|Any CPU
	EndGlobalSection
	GlobalSection(ProjectConfigurationPlatforms) = postSolution
		{5404B04A-A235-456B-A2B3-D76AD48872FE}.Debug|Any CPU.ActiveCfg = Debug|Any CPU
		{5404B04A-A235-456B-A2B3-D76AD48872FE}.Debug|Any CPU.Build.0 = Debug|Any CPU
		{5404B04A-A235-456B-A2B3-D76AD48872FE}.Release|Any CPU.ActiveCfg = Release|Any CPU
		{5404B04A-A235-456B-A2B3-D76AD48872FE}.Release|Any CPU.Build.0 = Release|Any CPU
	EndGlobalSection
	GlobalSection(SolutionProperties) = preSolution
		HideSolutionNode = FALSE
	EndGlobalSection
	GlobalSection(ExtensibilityGlobals) = postSolution
		SolutionGuid = {F2F92AB2-13D1-4BA2-A93C-07FBC38D3F31}
	EndGlobalSection
EndGlobal
